// !$*UTF8*$!
{
	archiveVersion = 1;
	classes = {
	};
	objectVersion = 50;
	objects = {

/* Begin PBXBuildFile section */
		BA7320BC2181ED1E00FC7A48 /* AppDelegate.swift in Sources */ = {isa = PBXBuildFile; fileRef = BA7320BB2181ED1E00FC7A48 /* AppDelegate.swift */; };
		BA7320BE2181ED1E00FC7A48 /* ViewController.swift in Sources */ = {isa = PBXBuildFile; fileRef = BA7320BD2181ED1E00FC7A48 /* ViewController.swift */; };
		BA7320C12181ED1E00FC7A48 /* Main.storyboard in Resources */ = {isa = PBXBuildFile; fileRef = BA7320BF2181ED1E00FC7A48 /* Main.storyboard */; };
		BA7320C32181ED2300FC7A48 /* Assets.xcassets in Resources */ = {isa = PBXBuildFile; fileRef = BA7320C22181ED2300FC7A48 /* Assets.xcassets */; };
		BA7320C62181ED2300FC7A48 /* LaunchScreen.storyboard in Resources */ = {isa = PBXBuildFile; fileRef = BA7320C42181ED2300FC7A48 /* LaunchScreen.storyboard */; };
		BA7320CE2181F25400FC7A48 /* MyCellTableViewCell.swift in Sources */ = {isa = PBXBuildFile; fileRef = BA7320CD2181F25400FC7A48 /* MyCellTableViewCell.swift */; };
		BA7320D221820A9000FC7A48 /* raton.jpeg in Resources */ = {isa = PBXBuildFile; fileRef = BA7320D121820A9000FC7A48 /* raton.jpeg */; };
		BA7320D421820F8A00FC7A48 /* MyViewController.swift in Sources */ = {isa = PBXBuildFile; fileRef = BA7320D321820F8A00FC7A48 /* MyViewController.swift */; };
/* End PBXBuildFile section */

/* Begin PBXFileReference section */
		BA7320B82181ED1E00FC7A48 /* ListProject.app */ = {isa = PBXFileReference; explicitFileType = wrapper.application; includeInIndex = 0; path = ListProject.app; sourceTree = BUILT_PRODUCTS_DIR; };
		BA7320BB2181ED1E00FC7A48 /* AppDelegate.swift */ = {isa = PBXFileReference; lastKnownFileType = sourcecode.swift; path = AppDelegate.swift; sourceTree = "<group>"; };
		BA7320BD2181ED1E00FC7A48 /* ViewController.swift */ = {isa = PBXFileReference; lastKnownFileType = sourcecode.swift; path = ViewController.swift; sourceTree = "<group>"; };
		BA7320C02181ED1E00FC7A48 /* Base */ = {isa = PBXFileReference; lastKnownFileType = file.storyboard; name = Base; path = Base.lproj/Main.storyboard; sourceTree = "<group>"; };
		BA7320C22181ED2300FC7A48 /* Assets.xcassets */ = {isa = PBXFileReference; lastKnownFileType = folder.assetcatalog; path = Assets.xcassets; sourceTree = "<group>"; };
		BA7320C52181ED2300FC7A48 /* Base */ = {isa = PBXFileReference; lastKnownFileType = file.storyboard; name = Base; path = Base.lproj/LaunchScreen.storyboard; sourceTree = "<group>"; };
		BA7320C72181ED2300FC7A48 /* Info.plist */ = {isa = PBXFileReference; lastKnownFileType = text.plist.xml; path = Info.plist; sourceTree = "<group>"; };
		BA7320CD2181F25400FC7A48 /* MyCellTableViewCell.swift */ = {isa = PBXFileReference; lastKnownFileType = sourcecode.swift; path = MyCellTableViewCell.swift; sourceTree = "<group>"; };
		BA7320D121820A9000FC7A48 /* raton.jpeg */ = {isa = PBXFileReference; lastKnownFileType = image.jpeg; name = raton.jpeg; path = ../../../raton.jpeg; sourceTree = "<group>"; };
		BA7320D321820F8A00FC7A48 /* MyViewController.swift */ = {isa = PBXFileReference; lastKnownFileType = sourcecode.swift; path = MyViewController.swift; sourceTree = "<group>"; };
/* End PBXFileReference section */

/* Begin PBXFrameworksBuildPhase section */
		BA7320B52181ED1E00FC7A48 /* Frameworks */ = {
			isa = PBXFrameworksBuildPhase;
			buildActionMask = 2147483647;
			files = (
			);
			runOnlyForDeploymentPostprocessing = 0;
		};
/* End PBXFrameworksBuildPhase section */

/* Begin PBXGroup section */
		BA7320AF2181ED1E00FC7A48 = {
			isa = PBXGroup;
			children = (
				BA7320BA2181ED1E00FC7A48 /* ListProject */,
				BA7320B92181ED1E00FC7A48 /* Products */,
			);
			sourceTree = "<group>";
		};
		BA7320B92181ED1E00FC7A48 /* Products */ = {
			isa = PBXGroup;
			children = (
				BA7320B82181ED1E00FC7A48 /* ListProject.app */,
			);
			name = Products;
			sourceTree = "<group>";
		};
		BA7320BA2181ED1E00FC7A48 /* ListProject */ = {
			isa = PBXGroup;
			children = (
				BA7320BB2181ED1E00FC7A48 /* AppDelegate.swift */,
				BA7320BD2181ED1E00FC7A48 /* ViewController.swift */,
				BA7320BF2181ED1E00FC7A48 /* Main.storyboard */,
				BA7320C22181ED2300FC7A48 /* Assets.xcassets */,
				BA7320D121820A9000FC7A48 /* raton.jpeg */,
				BA7320C42181ED2300FC7A48 /* LaunchScreen.storyboard */,
				BA7320C72181ED2300FC7A48 /* Info.plist */,
				BA7320CD2181F25400FC7A48 /* MyCellTableViewCell.swift */,
				BA7320D321820F8A00FC7A48 /* MyViewController.swift */,
			);
			path = ListProject;
			sourceTree = "<group>";
		};
/* End PBXGroup section */

/* Begin PBXNativeTarget section */
		BA7320B72181ED1E00FC7A48 /* ListProject */ = {
			isa = PBXNativeTarget;
			buildConfigurationList = BA7320CA2181ED2300FC7A48 /* Build configuration list for PBXNativeTarget "ListProject" */;
			buildPhases = (
				BA7320B42181ED1E00FC7A48 /* Sources */,
				BA7320B52181ED1E00FC7A48 /* Frameworks */,
				BA7320B62181ED1E00FC7A48 /* Resources */,
			);
			buildRules = (
			);
			dependencies = (
			);
			name = ListProject;
			productName = ListProject;
			productReference = BA7320B82181ED1E00FC7A48 /* ListProject.app */;
			productType = "com.apple.product-type.application";
		};
/* End PBXNativeTarget section */

/* Begin PBXProject section */
		BA7320B02181ED1E00FC7A48 /* Project object */ = {
			isa = PBXProject;
			attributes = {
				LastSwiftUpdateCheck = 0940;
				LastUpgradeCheck = 0940;
				ORGANIZATIONNAME = "SUP'Internet 05";
				TargetAttributes = {
					BA7320B72181ED1E00FC7A48 = {
						CreatedOnToolsVersion = 9.4.1;
					};
				};
			};
			buildConfigurationList = BA7320B32181ED1E00FC7A48 /* Build configuration list for PBXProject "ListProject" */;
			compatibilityVersion = "Xcode 9.3";
			developmentRegion = en;
			hasScannedForEncodings = 0;
			knownRegions = (
				en,
				Base,
			);
			mainGroup = BA7320AF2181ED1E00FC7A48;
			productRefGroup = BA7320B92181ED1E00FC7A48 /* Products */;
			projectDirPath = "";
			projectRoot = "";
			targets = (
				BA7320B72181ED1E00FC7A48 /* ListProject */,
			);
		};
/* End PBXProject section */

/* Begin PBXResourcesBuildPhase section */
		BA7320B62181ED1E00FC7A48 /* Resources */ = {
			isa = PBXResourcesBuildPhase;
			buildActionMask = 2147483647;
			files = (
				BA7320C62181ED2300FC7A48 /* LaunchScreen.storyboard in Resources */,
				BA7320C32181ED2300FC7A48 /* Assets.xcassets in Resources */,
				BA7320D221820A9000FC7A48 /* raton.jpeg in Resources */,
				BA7320C12181ED1E00FC7A48 /* Main.storyboard in Resources */,
			);
			runOnlyForDeploymentPostprocessing = 0;
		};
/* End PBXResourcesBuildPhase section */

/* Begin PBXSourcesBuildPhase section */
		BA7320B42181ED1E00FC7A48 /* Sources */ = {
			isa = PBXSourcesBuildPhase;
			buildActionMask = 2147483647;
			files = (
				BA7320CE2181F25400FC7A48 /* MyCellTableViewCell.swift in Sources */,
				BA7320BE2181ED1E00FC7A48 /* ViewController.swift in Sources */,
				BA7320D421820F8A00FC7A48 /* MyViewController.swift in Sources */,
				BA7320BC2181ED1E00FC7A48 /* AppDelegate.swift in Sources */,
			);
			runOnlyForDeploymentPostprocessing = 0;
		};
/* End PBXSourcesBuildPhase section */

/* Begin PBXVariantGroup section */
		BA7320BF2181ED1E00FC7A48 /* Main.storyboard */ = {
			isa = PBXVariantGroup;
			children = (
				BA7320C02181ED1E00FC7A48 /* Base */,
			);
			name = Main.storyboard;
			sourceTree = "<group>";
		};
		BA7320C42181ED2300FC7A48 /* LaunchScreen.storyboard */ = {
			isa = PBXVariantGroup;
			children = (
				BA7320C52181ED2300FC7A48 /* Base */,
			);
			name = LaunchScreen.storyboard;
			sourceTree = "<group>";
		};
/* End PBXVariantGroup section */

/* Begin XCBuildConfiguration section */
		BA7320C82181ED2300FC7A48 /* Debug */ = {
			isa = XCBuildConfiguration;
			buildSettings = {
				ALWAYS_SEARCH_USER_PATHS = NO;
				CLANG_ANALYZER_NONNULL = YES;
				CLANG_ANALYZER_NUMBER_OBJECT_CONVERSION = YES_AGGRESSIVE;
				CLANG_CXX_LANGUAGE_STANDARD = "gnu++14";
				CLANG_CXX_LIBRARY = "libc++";
				CLANG_ENABLE_MODULES = YES;
				CLANG_ENABLE_OBJC_ARC = YES;
				CLANG_ENABLE_OBJC_WEAK = YES;
				CLANG_WARN_BLOCK_CAPTURE_AUTORELEASING = YES;
				CLANG_WARN_BOOL_CONVERSION = YES;
				CLANG_WARN_COMMA = YES;
				CLANG_WARN_CONSTANT_CONVERSION = YES;
				CLANG_WARN_DEPRECATED_OBJC_IMPLEMENTATIONS = YES;
				CLANG_WARN_DIRECT_OBJC_ISA_USAGE = YES_ERROR;
				CLANG_WARN_DOCUMENTATION_COMMENTS = YES;
				CLANG_WARN_EMPTY_BODY = YES;
				CLANG_WARN_ENUM_CONVERSION = YES;
				CLANG_WARN_INFINITE_RECURSION = YES;
				CLANG_WARN_INT_CONVERSION = YES;
				CLANG_WARN_NON_LITERAL_NULL_CONVERSION = YES;
				CLANG_WARN_OBJC_IMPLICIT_RETAIN_SELF = YES;
				CLANG_WARN_OBJC_LITERAL_CONVERSION = YES;
				CLANG_WARN_OBJC_ROOT_CLASS = YES_ERROR;
				CLANG_WARN_RANGE_LOOP_ANALYSIS = YES;
				CLANG_WARN_STRICT_PROTOTYPES = YES;
				CLANG_WARN_SUSPICIOUS_MOVE = YES;
				CLANG_WARN_UNGUARDED_AVAILABILITY = YES_AGGRESSIVE;
				CLANG_WARN_UNREACHABLE_CODE = YES;
				CLANG_WARN__DUPLICATE_METHOD_MATCH = YES;
				CODE_SIGN_IDENTITY = "iPhone Developer";
				COPY_PHASE_STRIP = NO;
				DEBUG_INFORMATION_FORMAT = dwarf;
				ENABLE_STRICT_OBJC_MSGSEND = YES;
				ENABLE_TESTABILITY = YES;
				GCC_C_LANGUAGE_STANDARD = gnu11;
				GCC_DYNAMIC_NO_PIC = NO;
				GCC_NO_COMMON_BLOCKS = YES;
				GCC_OPTIMIZATION_LEVEL = 0;
				GCC_PREPROCESSOR_DEFINITIONS = (
					"DEBUG=1",
					"$(inherited)",
				);
				GCC_WARN_64_TO_32_BIT_CONVERSION = YES;
				GCC_WARN_ABOUT_RETURN_TYPE = YES_ERROR;
				GCC_WARN_UNDECLARED_SELECTOR = YES;
				GCC_WARN_UNINITIALIZED_AUTOS = YES_AGGRESSIVE;
				GCC_WARN_UNUSED_FUNCTION = YES;
				GCC_WARN_UNUSED_VARIABLE = YES;
				IPHONEOS_DEPLOYMENT_TARGET = 11.4;
				MTL_ENABLE_DEBUG_INFO = YES;
				ONLY_ACTIVE_ARCH = YES;
				SDKROOT = iphoneos;
				SWIFT_ACTIVE_COMPILATION_CONDITIONS = DEBUG;
				SWIFT_OPTIMIZATION_LEVEL = "-Onone";
			};
			name = Debug;
		};
		BA7320C92181ED2300FC7A48 /* Release */ = {
			isa = XCBuildConfiguration;
			buildSettings = {
				ALWAYS_SEARCH_USER_PATHS = NO;
				CLANG_ANALYZER_NONNULL = YES;
				CLANG_ANALYZER_NUMBER_OBJECT_CONVERSION = YES_AGGRESSIVE;
				CLANG_CXX_LANGUAGE_STANDARD = "gnu++14";
				CLANG_CXX_LIBRARY = "libc++";
				CLANG_ENABLE_MODULES = YES;
				CLANG_ENABLE_OBJC_ARC = YES;
				CLANG_ENABLE_OBJC_WEAK = YES;
				CLANG_WARN_BLOCK_CAPTURE_AUTORELEASING = YES;
				CLANG_WARN_BOOL_CONVERSION = YES;
				CLANG_WARN_COMMA = YES;
				CLANG_WARN_CONSTANT_CONVERSION = YES;
				CLANG_WARN_DEPRECATED_OBJC_IMPLEMENTATIONS = YES;
				CLANG_WARN_DIRECT_OBJC_ISA_USAGE = YES_ERROR;
				CLANG_WARN_DOCUMENTATION_COMMENTS = YES;
				CLANG_WARN_EMPTY_BODY = YES;
				CLANG_WARN_ENUM_CONVERSION = YES;
				CLANG_WARN_INFINITE_RECURSION = YES;
				CLANG_WARN_INT_CONVERSION = YES;
				CLANG_WARN_NON_LITERAL_NULL_CONVERSION = YES;
				CLANG_WARN_OBJC_IMPLICIT_RETAIN_SELF = YES;
				CLANG_WARN_OBJC_LITERAL_CONVERSION = YES;
				CLANG_WARN_OBJC_ROOT_CLASS = YES_ERROR;
				CLANG_WARN_RANGE_LOOP_ANALYSIS = YES;
				CLANG_WARN_STRICT_PROTOTYPES = YES;
				CLANG_WARN_SUSPICIOUS_MOVE = YES;
				CLANG_WARN_UNGUARDED_AVAILABILITY = YES_AGGRESSIVE;
				CLANG_WARN_UNREACHABLE_CODE = YES;
				CLANG_WARN__DUPLICATE_METHOD_MATCH = YES;
				CODE_SIGN_IDENTITY = "iPhone Developer";
				COPY_PHASE_STRIP = NO;
				DEBUG_INFORMATION_FORMAT = "dwarf-with-dsym";
				ENABLE_NS_ASSERTIONS = NO;
				ENABLE_STRICT_OBJC_MSGSEND = YES;
				GCC_C_LANGUAGE_STANDARD = gnu11;
				GCC_NO_COMMON_BLOCKS = YES;
				GCC_WARN_64_TO_32_BIT_CONVERSION = YES;
				GCC_WARN_ABOUT_RETURN_TYPE = YES_ERROR;
				GCC_WARN_UNDECLARED_SELECTOR = YES;
				GCC_WARN_UNINITIALIZED_AUTOS = YES_AGGRESSIVE;
				GCC_WARN_UNUSED_FUNCTION = YES;
				GCC_WARN_UNUSED_VARIABLE = YES;
				IPHONEOS_DEPLOYMENT_TARGET = 11.4;
				MTL_ENABLE_DEBUG_INFO = NO;
				SDKROOT = iphoneos;
				SWIFT_COMPILATION_MODE = wholemodule;
				SWIFT_OPTIMIZATION_LEVEL = "-O";
				VALIDATE_PRODUCT = YES;
			};
			name = Release;
		};
		BA7320CB2181ED2300FC7A48 /* Debug */ = {
			isa = XCBuildConfiguration;
			buildSettings = {
				ASSETCATALOG_COMPILER_APPICON_NAME = AppIcon;
				CODE_SIGN_STYLE = Automatic;
				INFOPLIST_FILE = ListProject/Info.plist;
				LD_RUNPATH_SEARCH_PATHS = (
					"$(inherited)",
					"@executable_path/Frameworks",
				);
				PRODUCT_BUNDLE_IDENTIFIER = supInternet.ListProject;
				PRODUCT_NAME = "$(TARGET_NAME)";
				SWIFT_VERSION = 4.0;
				TARGETED_DEVICE_FAMILY = "1,2";
			};
			name = Debug;
		};
		BA7320CC2181ED2300FC7A48 /* Release */ = {
			isa = XCBuildConfiguration;
			buildSettings = {
				ASSETCATALOG_COMPILER_APPICON_NAME = AppIcon;
				CODE_SIGN_STYLE = Automatic;
				INFOPLIST_FILE = ListProject/Info.plist;
				LD_RUNPATH_SEARCH_PATHS = (
					"$(inherited)",
					"@executable_path/Frameworks",
				);
				PRODUCT_BUNDLE_IDENTIFIER = supInternet.ListProject;
				PRODUCT_NAME = "$(TARGET_NAME)";
				SWIFT_VERSION = 4.0;
				TARGETED_DEVICE_FAMILY = "1,2";
			};
			name = Release;
		};
/* End XCBuildConfiguration section */

/* Begin XCConfigurationList section */
		BA7320B32181ED1E00FC7A48 /* Build configuration list for PBXProject "ListProject" */ = {
			isa = XCConfigurationList;
			buildConfigurations = (
				BA7320C82181ED2300FC7A48 /* Debug */,
				BA7320C92181ED2300FC7A48 /* Release */,
			);
			defaultConfigurationIsVisible = 0;
			defaultConfigurationName = Release;
		};
		BA7320CA2181ED2300FC7A48 /* Build configuration list for PBXNativeTarget "ListProject" */ = {
			isa = XCConfigurationList;
			buildConfigurations = (
				BA7320CB2181ED2300FC7A48 /* Debug */,
				BA7320CC2181ED2300FC7A48 /* Release */,
			);
			defaultConfigurationIsVisible = 0;
			defaultConfigurationName = Release;
		};
/* End XCConfigurationList section */
	};
	rootObject = BA7320B02181ED1E00FC7A48 /* Project object */;
}
